// !$*UTF8*$!
{
	archiveVersion = 1;
	classes = {
	};
	objectVersion = 46;
	objects = {

/* Begin PBXBuildFile section */
		4E30215D1E8DFECB008CFC9B /* JZJAudioSession.m in Sources */ = {isa = PBXBuildFile; fileRef = 4E30215C1E8DFECB008CFC9B /* JZJAudioSession.m */; };
		4E30216D1E8E3D77008CFC9B /* AudioPlayer.m in Sources */ = {isa = PBXBuildFile; fileRef = 4E3021601E8E3D77008CFC9B /* AudioPlayer.m */; };
		4E30216E1E8E3D77008CFC9B /* AutoRecoveringHttpDataSource.m in Sources */ = {isa = PBXBuildFile; fileRef = 4E3021621E8E3D77008CFC9B /* AutoRecoveringHttpDataSource.m */; };
		4E30216F1E8E3D77008CFC9B /* CoreFoundationDataSource.m in Sources */ = {isa = PBXBuildFile; fileRef = 4E3021641E8E3D77008CFC9B /* CoreFoundationDataSource.m */; };
		4E3021701E8E3D77008CFC9B /* DataSource.m in Sources */ = {isa = PBXBuildFile; fileRef = 4E3021661E8E3D77008CFC9B /* DataSource.m */; };
		4E3021711E8E3D77008CFC9B /* DataSourceWrapper.m in Sources */ = {isa = PBXBuildFile; fileRef = 4E3021681E8E3D77008CFC9B /* DataSourceWrapper.m */; };
		4E3021721E8E3D77008CFC9B /* HttpDataSource.m in Sources */ = {isa = PBXBuildFile; fileRef = 4E30216A1E8E3D77008CFC9B /* HttpDataSource.m */; };
		4E3021731E8E3D77008CFC9B /* LocalFileDataSource.m in Sources */ = {isa = PBXBuildFile; fileRef = 4E30216C1E8E3D77008CFC9B /* LocalFileDataSource.m */; };
		4E3021761E8E3DCE008CFC9B /* AudioToolbox.framework in Frameworks */ = {isa = PBXBuildFile; fileRef = 4E3021751E8E3DCE008CFC9B /* AudioToolbox.framework */; };
		4E3021791E8E40B5008CFC9B /* test.mp3 in Resources */ = {isa = PBXBuildFile; fileRef = 4E3021781E8E40B5008CFC9B /* test.mp3 */; };
		4E3021A61E8E55AF008CFC9B /* p-1@2x.png in Resources */ = {isa = PBXBuildFile; fileRef = 4E30217B1E8E55AF008CFC9B /* p-1@2x.png */; };
		4E3021A71E8E55AF008CFC9B /* p-2@2x.png in Resources */ = {isa = PBXBuildFile; fileRef = 4E30217C1E8E55AF008CFC9B /* p-2@2x.png */; };
		4E3021A81E8E55AF008CFC9B /* p-3@2x.png in Resources */ = {isa = PBXBuildFile; fileRef = 4E30217D1E8E55AF008CFC9B /* p-3@2x.png */; };
		4E3021A91E8E55AF008CFC9B /* VoiceSearchFeedback001.png in Resources */ = {isa = PBXBuildFile; fileRef = 4E30217E1E8E55AF008CFC9B /* VoiceSearchFeedback001.png */; };
		4E3021AA1E8E55AF008CFC9B /* VoiceSearchFeedback001@2x.png in Resources */ = {isa = PBXBuildFile; fileRef = 4E30217F1E8E55AF008CFC9B /* VoiceSearchFeedback001@2x.png */; };
		4E3021AB1E8E55AF008CFC9B /* VoiceSearchFeedback002.png in Resources */ = {isa = PBXBuildFile; fileRef = 4E3021801E8E55AF008CFC9B /* VoiceSearchFeedback002.png */; };
		4E3021AC1E8E55AF008CFC9B /* VoiceSearchFeedback002@2x.png in Resources */ = {isa = PBXBuildFile; fileRef = 4E3021811E8E55AF008CFC9B /* VoiceSearchFeedback002@2x.png */; };
		4E3021AD1E8E55AF008CFC9B /* VoiceSearchFeedback003.png in Resources */ = {isa = PBXBuildFile; fileRef = 4E3021821E8E55AF008CFC9B /* VoiceSearchFeedback003.png */; };
		4E3021AE1E8E55AF008CFC9B /* VoiceSearchFeedback003@2x.png in Resources */ = {isa = PBXBuildFile; fileRef = 4E3021831E8E55AF008CFC9B /* VoiceSearchFeedback003@2x.png */; };
		4E3021AF1E8E55AF008CFC9B /* VoiceSearchFeedback004.png in Resources */ = {isa = PBXBuildFile; fileRef = 4E3021841E8E55AF008CFC9B /* VoiceSearchFeedback004.png */; };
		4E3021B01E8E55AF008CFC9B /* VoiceSearchFeedback004@2x.png in Resources */ = {isa = PBXBuildFile; fileRef = 4E3021851E8E55AF008CFC9B /* VoiceSearchFeedback004@2x.png */; };
		4E3021B11E8E55AF008CFC9B /* VoiceSearchFeedback005.png in Resources */ = {isa = PBXBuildFile; fileRef = 4E3021861E8E55AF008CFC9B /* VoiceSearchFeedback005.png */; };
		4E3021B21E8E55AF008CFC9B /* VoiceSearchFeedback005@2x.png in Resources */ = {isa = PBXBuildFile; fileRef = 4E3021871E8E55AF008CFC9B /* VoiceSearchFeedback005@2x.png */; };
		4E3021B31E8E55AF008CFC9B /* VoiceSearchFeedback006.png in Resources */ = {isa = PBXBuildFile; fileRef = 4E3021881E8E55AF008CFC9B /* VoiceSearchFeedback006.png */; };
		4E3021B41E8E55AF008CFC9B /* VoiceSearchFeedback006@2x.png in Resources */ = {isa = PBXBuildFile; fileRef = 4E3021891E8E55AF008CFC9B /* VoiceSearchFeedback006@2x.png */; };
		4E3021B51E8E55AF008CFC9B /* VoiceSearchFeedback007.png in Resources */ = {isa = PBXBuildFile; fileRef = 4E30218A1E8E55AF008CFC9B /* VoiceSearchFeedback007.png */; };
		4E3021B61E8E55AF008CFC9B /* VoiceSearchFeedback007@2x.png in Resources */ = {isa = PBXBuildFile; fileRef = 4E30218B1E8E55AF008CFC9B /* VoiceSearchFeedback007@2x.png */; };
		4E3021B71E8E55AF008CFC9B /* VoiceSearchFeedback008.png in Resources */ = {isa = PBXBuildFile; fileRef = 4E30218C1E8E55AF008CFC9B /* VoiceSearchFeedback008.png */; };
		4E3021B81E8E55AF008CFC9B /* VoiceSearchFeedback008@2x.png in Resources */ = {isa = PBXBuildFile; fileRef = 4E30218D1E8E55AF008CFC9B /* VoiceSearchFeedback008@2x.png */; };
		4E3021B91E8E55AF008CFC9B /* VoiceSearchFeedback009.png in Resources */ = {isa = PBXBuildFile; fileRef = 4E30218E1E8E55AF008CFC9B /* VoiceSearchFeedback009.png */; };
		4E3021BA1E8E55AF008CFC9B /* VoiceSearchFeedback009@2x.png in Resources */ = {isa = PBXBuildFile; fileRef = 4E30218F1E8E55AF008CFC9B /* VoiceSearchFeedback009@2x.png */; };
		4E3021BB1E8E55AF008CFC9B /* VoiceSearchFeedback010.png in Resources */ = {isa = PBXBuildFile; fileRef = 4E3021901E8E55AF008CFC9B /* VoiceSearchFeedback010.png */; };
		4E3021BC1E8E55AF008CFC9B /* VoiceSearchFeedback010@2x.png in Resources */ = {isa = PBXBuildFile; fileRef = 4E3021911E8E55AF008CFC9B /* VoiceSearchFeedback010@2x.png */; };
		4E3021BD1E8E55AF008CFC9B /* VoiceSearchFeedback011.png in Resources */ = {isa = PBXBuildFile; fileRef = 4E3021921E8E55AF008CFC9B /* VoiceSearchFeedback011.png */; };
		4E3021BE1E8E55AF008CFC9B /* VoiceSearchFeedback011@2x.png in Resources */ = {isa = PBXBuildFile; fileRef = 4E3021931E8E55AF008CFC9B /* VoiceSearchFeedback011@2x.png */; };
		4E3021BF1E8E55AF008CFC9B /* VoiceSearchFeedback012.png in Resources */ = {isa = PBXBuildFile; fileRef = 4E3021941E8E55AF008CFC9B /* VoiceSearchFeedback012.png */; };
		4E3021C01E8E55AF008CFC9B /* VoiceSearchFeedback012@2x.png in Resources */ = {isa = PBXBuildFile; fileRef = 4E3021951E8E55AF008CFC9B /* VoiceSearchFeedback012@2x.png */; };
		4E3021C11E8E55AF008CFC9B /* VoiceSearchFeedback013.png in Resources */ = {isa = PBXBuildFile; fileRef = 4E3021961E8E55AF008CFC9B /* VoiceSearchFeedback013.png */; };
		4E3021C21E8E55AF008CFC9B /* VoiceSearchFeedback013@2x.png in Resources */ = {isa = PBXBuildFile; fileRef = 4E3021971E8E55AF008CFC9B /* VoiceSearchFeedback013@2x.png */; };
		4E3021C31E8E55AF008CFC9B /* VoiceSearchFeedback014.png in Resources */ = {isa = PBXBuildFile; fileRef = 4E3021981E8E55AF008CFC9B /* VoiceSearchFeedback014.png */; };
		4E3021C41E8E55AF008CFC9B /* VoiceSearchFeedback014@2x.png in Resources */ = {isa = PBXBuildFile; fileRef = 4E3021991E8E55AF008CFC9B /* VoiceSearchFeedback014@2x.png */; };
		4E3021C51E8E55AF008CFC9B /* VoiceSearchFeedback015.png in Resources */ = {isa = PBXBuildFile; fileRef = 4E30219A1E8E55AF008CFC9B /* VoiceSearchFeedback015.png */; };
		4E3021C61E8E55AF008CFC9B /* VoiceSearchFeedback015@2x.png in Resources */ = {isa = PBXBuildFile; fileRef = 4E30219B1E8E55AF008CFC9B /* VoiceSearchFeedback015@2x.png */; };
		4E3021C71E8E55AF008CFC9B /* VoiceSearchFeedback016.png in Resources */ = {isa = PBXBuildFile; fileRef = 4E30219C1E8E55AF008CFC9B /* VoiceSearchFeedback016.png */; };
		4E3021C81E8E55AF008CFC9B /* VoiceSearchFeedback016@2x.png in Resources */ = {isa = PBXBuildFile; fileRef = 4E30219D1E8E55AF008CFC9B /* VoiceSearchFeedback016@2x.png */; };
		4E3021C91E8E55AF008CFC9B /* VoiceSearchFeedback017.png in Resources */ = {isa = PBXBuildFile; fileRef = 4E30219E1E8E55AF008CFC9B /* VoiceSearchFeedback017.png */; };
		4E3021CA1E8E55AF008CFC9B /* VoiceSearchFeedback017@2x.png in Resources */ = {isa = PBXBuildFile; fileRef = 4E30219F1E8E55AF008CFC9B /* VoiceSearchFeedback017@2x.png */; };
		4E3021CB1E8E55AF008CFC9B /* VoiceSearchFeedback018.png in Resources */ = {isa = PBXBuildFile; fileRef = 4E3021A01E8E55AF008CFC9B /* VoiceSearchFeedback018.png */; };
		4E3021CC1E8E55AF008CFC9B /* VoiceSearchFeedback018@2x.png in Resources */ = {isa = PBXBuildFile; fileRef = 4E3021A11E8E55AF008CFC9B /* VoiceSearchFeedback018@2x.png */; };
		4E3021CD1E8E55AF008CFC9B /* VoiceSearchFeedback019.png in Resources */ = {isa = PBXBuildFile; fileRef = 4E3021A21E8E55AF008CFC9B /* VoiceSearchFeedback019.png */; };
		4E3021CE1E8E55AF008CFC9B /* VoiceSearchFeedback019@2x.png in Resources */ = {isa = PBXBuildFile; fileRef = 4E3021A31E8E55AF008CFC9B /* VoiceSearchFeedback019@2x.png */; };
		4E3021CF1E8E55AF008CFC9B /* VoiceSearchFeedback020.png in Resources */ = {isa = PBXBuildFile; fileRef = 4E3021A41E8E55AF008CFC9B /* VoiceSearchFeedback020.png */; };
		4E3021D01E8E55AF008CFC9B /* VoiceSearchFeedback020@2x.png in Resources */ = {isa = PBXBuildFile; fileRef = 4E3021A51E8E55AF008CFC9B /* VoiceSearchFeedback020@2x.png */; };
		4EBE23091E8CC8ED00FC7F0A /* libmp3lame.a in Frameworks */ = {isa = PBXBuildFile; fileRef = 4EBE23081E8CC8ED00FC7F0A /* libmp3lame.a */; };
		4EBE230F1E8CF9B900FC7F0A /* JZJTranscodingManager.m in Sources */ = {isa = PBXBuildFile; fileRef = 4EBE230E1E8CF9B900FC7F0A /* JZJTranscodingManager.m */; };
		4EBE23151E8D318200FC7F0A /* AVPlayerViewController.m in Sources */ = {isa = PBXBuildFile; fileRef = 4EBE23141E8D318200FC7F0A /* AVPlayerViewController.m */; };
		4EC669DB1E7A85A5008DBE8B /* JZJAudioPlayManager.m in Sources */ = {isa = PBXBuildFile; fileRef = 4EC669DA1E7A85A5008DBE8B /* JZJAudioPlayManager.m */; };
		4EC669E11E7A85CF008DBE8B /* JZJAudioRecordManager.m in Sources */ = {isa = PBXBuildFile; fileRef = 4EC669E01E7A85CF008DBE8B /* JZJAudioRecordManager.m */; };
		5D4BC5BC1D9A887B007A94A1 /* RootViewController.m in Sources */ = {isa = PBXBuildFile; fileRef = 5D4BC5BB1D9A887B007A94A1 /* RootViewController.m */; };
		5D4BC5C21D9A8BDB007A94A1 /* SecondViewController.m in Sources */ = {isa = PBXBuildFile; fileRef = 5D4BC5C11D9A8BDB007A94A1 /* SecondViewController.m */; };
		5DEF03B61D73ED800007C8FD /* main.m in Sources */ = {isa = PBXBuildFile; fileRef = 5DEF03B51D73ED800007C8FD /* main.m */; };
		5DEF03B91D73ED800007C8FD /* AppDelegate.m in Sources */ = {isa = PBXBuildFile; fileRef = 5DEF03B81D73ED800007C8FD /* AppDelegate.m */; };
		5DEF03C11D73ED800007C8FD /* Assets.xcassets in Resources */ = {isa = PBXBuildFile; fileRef = 5DEF03C01D73ED800007C8FD /* Assets.xcassets */; };
		5DEF03C41D73ED800007C8FD /* LaunchScreen.storyboard in Resources */ = {isa = PBXBuildFile; fileRef = 5DEF03C21D73ED800007C8FD /* LaunchScreen.storyboard */; };
		5DEF03CF1D73ED800007C8FD /* RecordAudioTests.m in Sources */ = {isa = PBXBuildFile; fileRef = 5DEF03CE1D73ED800007C8FD /* RecordAudioTests.m */; };
		5DEF03DA1D73ED800007C8FD /* RecordAudioUITests.m in Sources */ = {isa = PBXBuildFile; fileRef = 5DEF03D91D73ED800007C8FD /* RecordAudioUITests.m */; };
		5DEF03EE1D7471230007C8FD /* Main.storyboard in Resources */ = {isa = PBXBuildFile; fileRef = 5DEF03ED1D7471230007C8FD /* Main.storyboard */; };
		5DEF03F71D74739D0007C8FD /* CustomCell.m in Sources */ = {isa = PBXBuildFile; fileRef = 5DEF03F51D74739D0007C8FD /* CustomCell.m */; };
		5DEF03F81D74739D0007C8FD /* CustomCell.xib in Resources */ = {isa = PBXBuildFile; fileRef = 5DEF03F61D74739D0007C8FD /* CustomCell.xib */; };
		5DEF03FB1D7475B20007C8FD /* CustomCellModel.m in Sources */ = {isa = PBXBuildFile; fileRef = 5DEF03FA1D7475B20007C8FD /* CustomCellModel.m */; };
/* End PBXBuildFile section */

/* Begin PBXContainerItemProxy section */
		5DEF03CB1D73ED800007C8FD /* PBXContainerItemProxy */ = {
			isa = PBXContainerItemProxy;
			containerPortal = 5DEF03A91D73ED800007C8FD /* Project object */;
			proxyType = 1;
			remoteGlobalIDString = 5DEF03B01D73ED800007C8FD;
			remoteInfo = RecordAudio;
		};
		5DEF03D61D73ED800007C8FD /* PBXContainerItemProxy */ = {
			isa = PBXContainerItemProxy;
			containerPortal = 5DEF03A91D73ED800007C8FD /* Project object */;
			proxyType = 1;
			remoteGlobalIDString = 5DEF03B01D73ED800007C8FD;
			remoteInfo = RecordAudio;
		};
/* End PBXContainerItemProxy section */

/* Begin PBXFileReference section */
		4E30215B1E8DFECB008CFC9B /* JZJAudioSession.h */ = {isa = PBXFileReference; fileEncoding = 4; lastKnownFileType = sourcecode.c.h; path = JZJAudioSession.h; sourceTree = "<group>"; };
		4E30215C1E8DFECB008CFC9B /* JZJAudioSession.m */ = {isa = PBXFileReference; fileEncoding = 4; lastKnownFileType = sourcecode.c.objc; path = JZJAudioSession.m; sourceTree = "<group>"; };
		4E30215F1E8E3D77008CFC9B /* AudioPlayer.h */ = {isa = PBXFileReference; fileEncoding = 4; lastKnownFileType = sourcecode.c.h; path = AudioPlayer.h; sourceTree = "<group>"; };
		4E3021601E8E3D77008CFC9B /* AudioPlayer.m */ = {isa = PBXFileReference; fileEncoding = 4; lastKnownFileType = sourcecode.c.objc; path = AudioPlayer.m; sourceTree = "<group>"; };
		4E3021611E8E3D77008CFC9B /* AutoRecoveringHttpDataSource.h */ = {isa = PBXFileReference; fileEncoding = 4; lastKnownFileType = sourcecode.c.h; path = AutoRecoveringHttpDataSource.h; sourceTree = "<group>"; };
		4E3021621E8E3D77008CFC9B /* AutoRecoveringHttpDataSource.m */ = {isa = PBXFileReference; fileEncoding = 4; lastKnownFileType = sourcecode.c.objc; path = AutoRecoveringHttpDataSource.m; sourceTree = "<group>"; };
		4E3021631E8E3D77008CFC9B /* CoreFoundationDataSource.h */ = {isa = PBXFileReference; fileEncoding = 4; lastKnownFileType = sourcecode.c.h; path = CoreFoundationDataSource.h; sourceTree = "<group>"; };
		4E3021641E8E3D77008CFC9B /* CoreFoundationDataSource.m */ = {isa = PBXFileReference; fileEncoding = 4; lastKnownFileType = sourcecode.c.objc; path = CoreFoundationDataSource.m; sourceTree = "<group>"; };
		4E3021651E8E3D77008CFC9B /* DataSource.h */ = {isa = PBXFileReference; fileEncoding = 4; lastKnownFileType = sourcecode.c.h; path = DataSource.h; sourceTree = "<group>"; };
		4E3021661E8E3D77008CFC9B /* DataSource.m */ = {isa = PBXFileReference; fileEncoding = 4; lastKnownFileType = sourcecode.c.objc; path = DataSource.m; sourceTree = "<group>"; };
		4E3021671E8E3D77008CFC9B /* DataSourceWrapper.h */ = {isa = PBXFileReference; fileEncoding = 4; lastKnownFileType = sourcecode.c.h; path = DataSourceWrapper.h; sourceTree = "<group>"; };
		4E3021681E8E3D77008CFC9B /* DataSourceWrapper.m */ = {isa = PBXFileReference; fileEncoding = 4; lastKnownFileType = sourcecode.c.objc; path = DataSourceWrapper.m; sourceTree = "<group>"; };
		4E3021691E8E3D77008CFC9B /* HttpDataSource.h */ = {isa = PBXFileReference; fileEncoding = 4; lastKnownFileType = sourcecode.c.h; path = HttpDataSource.h; sourceTree = "<group>"; };
		4E30216A1E8E3D77008CFC9B /* HttpDataSource.m */ = {isa = PBXFileReference; fileEncoding = 4; lastKnownFileType = sourcecode.c.objc; path = HttpDataSource.m; sourceTree = "<group>"; };
		4E30216B1E8E3D77008CFC9B /* LocalFileDataSource.h */ = {isa = PBXFileReference; fileEncoding = 4; lastKnownFileType = sourcecode.c.h; path = LocalFileDataSource.h; sourceTree = "<group>"; };
		4E30216C1E8E3D77008CFC9B /* LocalFileDataSource.m */ = {isa = PBXFileReference; fileEncoding = 4; lastKnownFileType = sourcecode.c.objc; path = LocalFileDataSource.m; sourceTree = "<group>"; };
		4E3021751E8E3DCE008CFC9B /* AudioToolbox.framework */ = {isa = PBXFileReference; lastKnownFileType = wrapper.framework; name = AudioToolbox.framework; path = System/Library/Frameworks/AudioToolbox.framework; sourceTree = SDKROOT; };
		4E3021781E8E40B5008CFC9B /* test.mp3 */ = {isa = PBXFileReference; lastKnownFileType = audio.mp3; path = test.mp3; sourceTree = "<group>"; };
		4E30217B1E8E55AF008CFC9B /* p-1@2x.png */ = {isa = PBXFileReference; lastKnownFileType = image.png; path = "p-1@2x.png"; sourceTree = "<group>"; };
		4E30217C1E8E55AF008CFC9B /* p-2@2x.png */ = {isa = PBXFileReference; lastKnownFileType = image.png; path = "p-2@2x.png"; sourceTree = "<group>"; };
		4E30217D1E8E55AF008CFC9B /* p-3@2x.png */ = {isa = PBXFileReference; lastKnownFileType = image.png; path = "p-3@2x.png"; sourceTree = "<group>"; };
		4E30217E1E8E55AF008CFC9B /* VoiceSearchFeedback001.png */ = {isa = PBXFileReference; lastKnownFileType = image.png; path = VoiceSearchFeedback001.png; sourceTree = "<group>"; };
		4E30217F1E8E55AF008CFC9B /* VoiceSearchFeedback001@2x.png */ = {isa = PBXFileReference; lastKnownFileType = image.png; path = "VoiceSearchFeedback001@2x.png"; sourceTree = "<group>"; };
		4E3021801E8E55AF008CFC9B /* VoiceSearchFeedback002.png */ = {isa = PBXFileReference; lastKnownFileType = image.png; path = VoiceSearchFeedback002.png; sourceTree = "<group>"; };
		4E3021811E8E55AF008CFC9B /* VoiceSearchFeedback002@2x.png */ = {isa = PBXFileReference; lastKnownFileType = image.png; path = "VoiceSearchFeedback002@2x.png"; sourceTree = "<group>"; };
		4E3021821E8E55AF008CFC9B /* VoiceSearchFeedback003.png */ = {isa = PBXFileReference; lastKnownFileType = image.png; path = VoiceSearchFeedback003.png; sourceTree = "<group>"; };
		4E3021831E8E55AF008CFC9B /* VoiceSearchFeedback003@2x.png */ = {isa = PBXFileReference; lastKnownFileType = image.png; path = "VoiceSearchFeedback003@2x.png"; sourceTree = "<group>"; };
		4E3021841E8E55AF008CFC9B /* VoiceSearchFeedback004.png */ = {isa = PBXFileReference; lastKnownFileType = image.png; path = VoiceSearchFeedback004.png; sourceTree = "<group>"; };
		4E3021851E8E55AF008CFC9B /* VoiceSearchFeedback004@2x.png */ = {isa = PBXFileReference; lastKnownFileType = image.png; path = "VoiceSearchFeedback004@2x.png"; sourceTree = "<group>"; };
		4E3021861E8E55AF008CFC9B /* VoiceSearchFeedback005.png */ = {isa = PBXFileReference; lastKnownFileType = image.png; path = VoiceSearchFeedback005.png; sourceTree = "<group>"; };
		4E3021871E8E55AF008CFC9B /* VoiceSearchFeedback005@2x.png */ = {isa = PBXFileReference; lastKnownFileType = image.png; path = "VoiceSearchFeedback005@2x.png"; sourceTree = "<group>"; };
		4E3021881E8E55AF008CFC9B /* VoiceSearchFeedback006.png */ = {isa = PBXFileReference; lastKnownFileType = image.png; path = VoiceSearchFeedback006.png; sourceTree = "<group>"; };
		4E3021891E8E55AF008CFC9B /* VoiceSearchFeedback006@2x.png */ = {isa = PBXFileReference; lastKnownFileType = image.png; path = "VoiceSearchFeedback006@2x.png"; sourceTree = "<group>"; };
		4E30218A1E8E55AF008CFC9B /* VoiceSearchFeedback007.png */ = {isa = PBXFileReference; lastKnownFileType = image.png; path = VoiceSearchFeedback007.png; sourceTree = "<group>"; };
		4E30218B1E8E55AF008CFC9B /* VoiceSearchFeedback007@2x.png */ = {isa = PBXFileReference; lastKnownFileType = image.png; path = "VoiceSearchFeedback007@2x.png"; sourceTree = "<group>"; };
		4E30218C1E8E55AF008CFC9B /* VoiceSearchFeedback008.png */ = {isa = PBXFileReference; lastKnownFileType = image.png; path = VoiceSearchFeedback008.png; sourceTree = "<group>"; };
		4E30218D1E8E55AF008CFC9B /* VoiceSearchFeedback008@2x.png */ = {isa = PBXFileReference; lastKnownFileType = image.png; path = "VoiceSearchFeedback008@2x.png"; sourceTree = "<group>"; };
		4E30218E1E8E55AF008CFC9B /* VoiceSearchFeedback009.png */ = {isa = PBXFileReference; lastKnownFileType = image.png; path = VoiceSearchFeedback009.png; sourceTree = "<group>"; };
		4E30218F1E8E55AF008CFC9B /* VoiceSearchFeedback009@2x.png */ = {isa = PBXFileReference; lastKnownFileType = image.png; path = "VoiceSearchFeedback009@2x.png"; sourceTree = "<group>"; };
		4E3021901E8E55AF008CFC9B /* VoiceSearchFeedback010.png */ = {isa = PBXFileReference; lastKnownFileType = image.png; path = VoiceSearchFeedback010.png; sourceTree = "<group>"; };
		4E3021911E8E55AF008CFC9B /* VoiceSearchFeedback010@2x.png */ = {isa = PBXFileReference; lastKnownFileType = image.png; path = "VoiceSearchFeedback010@2x.png"; sourceTree = "<group>"; };
		4E3021921E8E55AF008CFC9B /* VoiceSearchFeedback011.png */ = {isa = PBXFileReference; lastKnownFileType = image.png; path = VoiceSearchFeedback011.png; sourceTree = "<group>"; };
		4E3021931E8E55AF008CFC9B /* VoiceSearchFeedback011@2x.png */ = {isa = PBXFileReference; lastKnownFileType = image.png; path = "VoiceSearchFeedback011@2x.png"; sourceTree = "<group>"; };
		4E3021941E8E55AF008CFC9B /* VoiceSearchFeedback012.png */ = {isa = PBXFileReference; lastKnownFileType = image.png; path = VoiceSearchFeedback012.png; sourceTree = "<group>"; };
		4E3021951E8E55AF008CFC9B /* VoiceSearchFeedback012@2x.png */ = {isa = PBXFileReference; lastKnownFileType = image.png; path = "VoiceSearchFeedback012@2x.png"; sourceTree = "<group>"; };
		4E3021961E8E55AF008CFC9B /* VoiceSearchFeedback013.png */ = {isa = PBXFileReference; lastKnownFileType = image.png; path = VoiceSearchFeedback013.png; sourceTree = "<group>"; };
		4E3021971E8E55AF008CFC9B /* VoiceSearchFeedback013@2x.png */ = {isa = PBXFileReference; lastKnownFileType = image.png; path = "VoiceSearchFeedback013@2x.png"; sourceTree = "<group>"; };
		4E3021981E8E55AF008CFC9B /* VoiceSearchFeedback014.png */ = {isa = PBXFileReference; lastKnownFileType = image.png; path = VoiceSearchFeedback014.png; sourceTree = "<group>"; };
		4E3021991E8E55AF008CFC9B /* VoiceSearchFeedback014@2x.png */ = {isa = PBXFileReference; lastKnownFileType = image.png; path = "VoiceSearchFeedback014@2x.png"; sourceTree = "<group>"; };
		4E30219A1E8E55AF008CFC9B /* VoiceSearchFeedback015.png */ = {isa = PBXFileReference; lastKnownFileType = image.png; path = VoiceSearchFeedback015.png; sourceTree = "<group>"; };
		4E30219B1E8E55AF008CFC9B /* VoiceSearchFeedback015@2x.png */ = {isa = PBXFileReference; lastKnownFileType = image.png; path = "VoiceSearchFeedback015@2x.png"; sourceTree = "<group>"; };
		4E30219C1E8E55AF008CFC9B /* VoiceSearchFeedback016.png */ = {isa = PBXFileReference; lastKnownFileType = image.png; path = VoiceSearchFeedback016.png; sourceTree = "<group>"; };
		4E30219D1E8E55AF008CFC9B /* VoiceSearchFeedback016@2x.png */ = {isa = PBXFileReference; lastKnownFileType = image.png; path = "VoiceSearchFeedback016@2x.png"; sourceTree = "<group>"; };
		4E30219E1E8E55AF008CFC9B /* VoiceSearchFeedback017.png */ = {isa = PBXFileReference; lastKnownFileType = image.png; path = VoiceSearchFeedback017.png; sourceTree = "<group>"; };
		4E30219F1E8E55AF008CFC9B /* VoiceSearchFeedback017@2x.png */ = {isa = PBXFileReference; lastKnownFileType = image.png; path = "VoiceSearchFeedback017@2x.png"; sourceTree = "<group>"; };
		4E3021A01E8E55AF008CFC9B /* VoiceSearchFeedback018.png */ = {isa = PBXFileReference; lastKnownFileType = image.png; path = VoiceSearchFeedback018.png; sourceTree = "<group>"; };
		4E3021A11E8E55AF008CFC9B /* VoiceSearchFeedback018@2x.png */ = {isa = PBXFileReference; lastKnownFileType = image.png; path = "VoiceSearchFeedback018@2x.png"; sourceTree = "<group>"; };
		4E3021A21E8E55AF008CFC9B /* VoiceSearchFeedback019.png */ = {isa = PBXFileReference; lastKnownFileType = image.png; path = VoiceSearchFeedback019.png; sourceTree = "<group>"; };
		4E3021A31E8E55AF008CFC9B /* VoiceSearchFeedback019@2x.png */ = {isa = PBXFileReference; lastKnownFileType = image.png; path = "VoiceSearchFeedback019@2x.png"; sourceTree = "<group>"; };
		4E3021A41E8E55AF008CFC9B /* VoiceSearchFeedback020.png */ = {isa = PBXFileReference; lastKnownFileType = image.png; path = VoiceSearchFeedback020.png; sourceTree = "<group>"; };
		4E3021A51E8E55AF008CFC9B /* VoiceSearchFeedback020@2x.png */ = {isa = PBXFileReference; lastKnownFileType = image.png; path = "VoiceSearchFeedback020@2x.png"; sourceTree = "<group>"; };
		4EBE23061E8CC8ED00FC7F0A /* lame.h */ = {isa = PBXFileReference; fileEncoding = 4; lastKnownFileType = sourcecode.c.h; path = lame.h; sourceTree = "<group>"; };
		4EBE23081E8CC8ED00FC7F0A /* libmp3lame.a */ = {isa = PBXFileReference; lastKnownFileType = archive.ar; path = libmp3lame.a; sourceTree = "<group>"; };
		4EBE230D1E8CF9B900FC7F0A /* JZJTranscodingManager.h */ = {isa = PBXFileReference; fileEncoding = 4; lastKnownFileType = sourcecode.c.h; path = JZJTranscodingManager.h; sourceTree = "<group>"; };
		4EBE230E1E8CF9B900FC7F0A /* JZJTranscodingManager.m */ = {isa = PBXFileReference; fileEncoding = 4; lastKnownFileType = sourcecode.c.objc; path = JZJTranscodingManager.m; sourceTree = "<group>"; };
		4EBE23131E8D318200FC7F0A /* AVPlayerViewController.h */ = {isa = PBXFileReference; fileEncoding = 4; lastKnownFileType = sourcecode.c.h; path = AVPlayerViewController.h; sourceTree = "<group>"; };
		4EBE23141E8D318200FC7F0A /* AVPlayerViewController.m */ = {isa = PBXFileReference; fileEncoding = 4; lastKnownFileType = sourcecode.c.objc; path = AVPlayerViewController.m; sourceTree = "<group>"; };
		4EC669D91E7A85A5008DBE8B /* JZJAudioPlayManager.h */ = {isa = PBXFileReference; fileEncoding = 4; lastKnownFileType = sourcecode.c.h; path = JZJAudioPlayManager.h; sourceTree = "<group>"; };
		4EC669DA1E7A85A5008DBE8B /* JZJAudioPlayManager.m */ = {isa = PBXFileReference; fileEncoding = 4; lastKnownFileType = sourcecode.c.objc; path = JZJAudioPlayManager.m; sourceTree = "<group>"; };
		4EC669DF1E7A85CF008DBE8B /* JZJAudioRecordManager.h */ = {isa = PBXFileReference; fileEncoding = 4; lastKnownFileType = sourcecode.c.h; path = JZJAudioRecordManager.h; sourceTree = "<group>"; };
		4EC669E01E7A85CF008DBE8B /* JZJAudioRecordManager.m */ = {isa = PBXFileReference; fileEncoding = 4; lastKnownFileType = sourcecode.c.objc; path = JZJAudioRecordManager.m; sourceTree = "<group>"; };
		5D4BC5BA1D9A887B007A94A1 /* RootViewController.h */ = {isa = PBXFileReference; fileEncoding = 4; lastKnownFileType = sourcecode.c.h; path = RootViewController.h; sourceTree = "<group>"; };
		5D4BC5BB1D9A887B007A94A1 /* RootViewController.m */ = {isa = PBXFileReference; fileEncoding = 4; lastKnownFileType = sourcecode.c.objc; path = RootViewController.m; sourceTree = "<group>"; };
		5D4BC5C01D9A8BDB007A94A1 /* SecondViewController.h */ = {isa = PBXFileReference; fileEncoding = 4; lastKnownFileType = sourcecode.c.h; path = SecondViewController.h; sourceTree = "<group>"; };
		5D4BC5C11D9A8BDB007A94A1 /* SecondViewController.m */ = {isa = PBXFileReference; fileEncoding = 4; lastKnownFileType = sourcecode.c.objc; path = SecondViewController.m; sourceTree = "<group>"; };
		5DEF03B11D73ED800007C8FD /* RecordAudio.app */ = {isa = PBXFileReference; explicitFileType = wrapper.application; includeInIndex = 0; path = RecordAudio.app; sourceTree = BUILT_PRODUCTS_DIR; };
		5DEF03B51D73ED800007C8FD /* main.m */ = {isa = PBXFileReference; lastKnownFileType = sourcecode.c.objc; path = main.m; sourceTree = "<group>"; };
		5DEF03B71D73ED800007C8FD /* AppDelegate.h */ = {isa = PBXFileReference; lastKnownFileType = sourcecode.c.h; path = AppDelegate.h; sourceTree = "<group>"; };
		5DEF03B81D73ED800007C8FD /* AppDelegate.m */ = {isa = PBXFileReference; lastKnownFileType = sourcecode.c.objc; path = AppDelegate.m; sourceTree = "<group>"; };
		5DEF03C01D73ED800007C8FD /* Assets.xcassets */ = {isa = PBXFileReference; lastKnownFileType = folder.assetcatalog; path = Assets.xcassets; sourceTree = "<group>"; };
		5DEF03C31D73ED800007C8FD /* Base */ = {isa = PBXFileReference; lastKnownFileType = file.storyboard; name = Base; path = Base.lproj/LaunchScreen.storyboard; sourceTree = "<group>"; };
		5DEF03C51D73ED800007C8FD /* Info.plist */ = {isa = PBXFileReference; lastKnownFileType = text.plist.xml; path = Info.plist; sourceTree = "<group>"; };
		5DEF03CA1D73ED800007C8FD /* RecordAudioTests.xctest */ = {isa = PBXFileReference; explicitFileType = wrapper.cfbundle; includeInIndex = 0; path = RecordAudioTests.xctest; sourceTree = BUILT_PRODUCTS_DIR; };
		5DEF03CE1D73ED800007C8FD /* RecordAudioTests.m */ = {isa = PBXFileReference; lastKnownFileType = sourcecode.c.objc; path = RecordAudioTests.m; sourceTree = "<group>"; };
		5DEF03D01D73ED800007C8FD /* Info.plist */ = {isa = PBXFileReference; lastKnownFileType = text.plist.xml; path = Info.plist; sourceTree = "<group>"; };
		5DEF03D51D73ED800007C8FD /* RecordAudioUITests.xctest */ = {isa = PBXFileReference; explicitFileType = wrapper.cfbundle; includeInIndex = 0; path = RecordAudioUITests.xctest; sourceTree = BUILT_PRODUCTS_DIR; };
		5DEF03D91D73ED800007C8FD /* RecordAudioUITests.m */ = {isa = PBXFileReference; lastKnownFileType = sourcecode.c.objc; path = RecordAudioUITests.m; sourceTree = "<group>"; };
		5DEF03DB1D73ED800007C8FD /* Info.plist */ = {isa = PBXFileReference; lastKnownFileType = text.plist.xml; path = Info.plist; sourceTree = "<group>"; };
		5DEF03ED1D7471230007C8FD /* Main.storyboard */ = {isa = PBXFileReference; fileEncoding = 4; lastKnownFileType = file.storyboard; path = Main.storyboard; sourceTree = "<group>"; };
		5DEF03F41D74739D0007C8FD /* CustomCell.h */ = {isa = PBXFileReference; fileEncoding = 4; lastKnownFileType = sourcecode.c.h; path = CustomCell.h; sourceTree = "<group>"; };
		5DEF03F51D74739D0007C8FD /* CustomCell.m */ = {isa = PBXFileReference; fileEncoding = 4; lastKnownFileType = sourcecode.c.objc; path = CustomCell.m; sourceTree = "<group>"; };
		5DEF03F61D74739D0007C8FD /* CustomCell.xib */ = {isa = PBXFileReference; fileEncoding = 4; lastKnownFileType = file.xib; path = CustomCell.xib; sourceTree = "<group>"; };
		5DEF03F91D7475B20007C8FD /* CustomCellModel.h */ = {isa = PBXFileReference; fileEncoding = 4; lastKnownFileType = sourcecode.c.h; path = CustomCellModel.h; sourceTree = "<group>"; };
		5DEF03FA1D7475B20007C8FD /* CustomCellModel.m */ = {isa = PBXFileReference; fileEncoding = 4; lastKnownFileType = sourcecode.c.objc; path = CustomCellModel.m; sourceTree = "<group>"; };
/* End PBXFileReference section */

/* Begin PBXFrameworksBuildPhase section */
		5DEF03AE1D73ED800007C8FD /* Frameworks */ = {
			isa = PBXFrameworksBuildPhase;
			buildActionMask = 2147483647;
			files = (
				4E3021761E8E3DCE008CFC9B /* AudioToolbox.framework in Frameworks */,
				4EBE23091E8CC8ED00FC7F0A /* libmp3lame.a in Frameworks */,
			);
			runOnlyForDeploymentPostprocessing = 0;
		};
		5DEF03C71D73ED800007C8FD /* Frameworks */ = {
			isa = PBXFrameworksBuildPhase;
			buildActionMask = 2147483647;
			files = (
			);
			runOnlyForDeploymentPostprocessing = 0;
		};
		5DEF03D21D73ED800007C8FD /* Frameworks */ = {
			isa = PBXFrameworksBuildPhase;
			buildActionMask = 2147483647;
			files = (
			);
			runOnlyForDeploymentPostprocessing = 0;
		};
/* End PBXFrameworksBuildPhase section */

/* Begin PBXGroup section */
		4E30215E1E8E3D77008CFC9B /* AudioPlayer */ = {
			isa = PBXGroup;
			children = (
				4E30215F1E8E3D77008CFC9B /* AudioPlayer.h */,
				4E3021601E8E3D77008CFC9B /* AudioPlayer.m */,
				4E3021611E8E3D77008CFC9B /* AutoRecoveringHttpDataSource.h */,
				4E3021621E8E3D77008CFC9B /* AutoRecoveringHttpDataSource.m */,
				4E3021631E8E3D77008CFC9B /* CoreFoundationDataSource.h */,
				4E3021641E8E3D77008CFC9B /* CoreFoundationDataSource.m */,
				4E3021651E8E3D77008CFC9B /* DataSource.h */,
				4E3021661E8E3D77008CFC9B /* DataSource.m */,
				4E3021671E8E3D77008CFC9B /* DataSourceWrapper.h */,
				4E3021681E8E3D77008CFC9B /* DataSourceWrapper.m */,
				4E3021691E8E3D77008CFC9B /* HttpDataSource.h */,
				4E30216A1E8E3D77008CFC9B /* HttpDataSource.m */,
				4E30216B1E8E3D77008CFC9B /* LocalFileDataSource.h */,
				4E30216C1E8E3D77008CFC9B /* LocalFileDataSource.m */,
			);
			path = AudioPlayer;
			sourceTree = "<group>";
		};
		4E3021741E8E3DCE008CFC9B /* Frameworks */ = {
			isa = PBXGroup;
			children = (
				4E3021751E8E3DCE008CFC9B /* AudioToolbox.framework */,
			);
			name = Frameworks;
			sourceTree = "<group>";
		};
		4E3021771E8E40B5008CFC9B /* Resource */ = {
			isa = PBXGroup;
			children = (
				4E30217A1E8E55AF008CFC9B /* image */,
				4E3021781E8E40B5008CFC9B /* test.mp3 */,
			);
			path = Resource;
			sourceTree = "<group>";
		};
		4E30217A1E8E55AF008CFC9B /* image */ = {
			isa = PBXGroup;
			children = (
				4E30217B1E8E55AF008CFC9B /* p-1@2x.png */,
				4E30217C1E8E55AF008CFC9B /* p-2@2x.png */,
				4E30217D1E8E55AF008CFC9B /* p-3@2x.png */,
				4E30217E1E8E55AF008CFC9B /* VoiceSearchFeedback001.png */,
				4E30217F1E8E55AF008CFC9B /* VoiceSearchFeedback001@2x.png */,
				4E3021801E8E55AF008CFC9B /* VoiceSearchFeedback002.png */,
				4E3021811E8E55AF008CFC9B /* VoiceSearchFeedback002@2x.png */,
				4E3021821E8E55AF008CFC9B /* VoiceSearchFeedback003.png */,
				4E3021831E8E55AF008CFC9B /* VoiceSearchFeedback003@2x.png */,
				4E3021841E8E55AF008CFC9B /* VoiceSearchFeedback004.png */,
				4E3021851E8E55AF008CFC9B /* VoiceSearchFeedback004@2x.png */,
				4E3021861E8E55AF008CFC9B /* VoiceSearchFeedback005.png */,
				4E3021871E8E55AF008CFC9B /* VoiceSearchFeedback005@2x.png */,
				4E3021881E8E55AF008CFC9B /* VoiceSearchFeedback006.png */,
				4E3021891E8E55AF008CFC9B /* VoiceSearchFeedback006@2x.png */,
				4E30218A1E8E55AF008CFC9B /* VoiceSearchFeedback007.png */,
				4E30218B1E8E55AF008CFC9B /* VoiceSearchFeedback007@2x.png */,
				4E30218C1E8E55AF008CFC9B /* VoiceSearchFeedback008.png */,
				4E30218D1E8E55AF008CFC9B /* VoiceSearchFeedback008@2x.png */,
				4E30218E1E8E55AF008CFC9B /* VoiceSearchFeedback009.png */,
				4E30218F1E8E55AF008CFC9B /* VoiceSearchFeedback009@2x.png */,
				4E3021901E8E55AF008CFC9B /* VoiceSearchFeedback010.png */,
				4E3021911E8E55AF008CFC9B /* VoiceSearchFeedback010@2x.png */,
				4E3021921E8E55AF008CFC9B /* VoiceSearchFeedback011.png */,
				4E3021931E8E55AF008CFC9B /* VoiceSearchFeedback011@2x.png */,
				4E3021941E8E55AF008CFC9B /* VoiceSearchFeedback012.png */,
				4E3021951E8E55AF008CFC9B /* VoiceSearchFeedback012@2x.png */,
				4E3021961E8E55AF008CFC9B /* VoiceSearchFeedback013.png */,
				4E3021971E8E55AF008CFC9B /* VoiceSearchFeedback013@2x.png */,
				4E3021981E8E55AF008CFC9B /* VoiceSearchFeedback014.png */,
				4E3021991E8E55AF008CFC9B /* VoiceSearchFeedback014@2x.png */,
				4E30219A1E8E55AF008CFC9B /* VoiceSearchFeedback015.png */,
				4E30219B1E8E55AF008CFC9B /* VoiceSearchFeedback015@2x.png */,
				4E30219C1E8E55AF008CFC9B /* VoiceSearchFeedback016.png */,
				4E30219D1E8E55AF008CFC9B /* VoiceSearchFeedback016@2x.png */,
				4E30219E1E8E55AF008CFC9B /* VoiceSearchFeedback017.png */,
				4E30219F1E8E55AF008CFC9B /* VoiceSearchFeedback017@2x.png */,
				4E3021A01E8E55AF008CFC9B /* VoiceSearchFeedback018.png */,
				4E3021A11E8E55AF008CFC9B /* VoiceSearchFeedback018@2x.png */,
				4E3021A21E8E55AF008CFC9B /* VoiceSearchFeedback019.png */,
				4E3021A31E8E55AF008CFC9B /* VoiceSearchFeedback019@2x.png */,
				4E3021A41E8E55AF008CFC9B /* VoiceSearchFeedback020.png */,
				4E3021A51E8E55AF008CFC9B /* VoiceSearchFeedback020@2x.png */,
			);
			path = image;
			sourceTree = "<group>";
		};
		4EBE23021E8CC8ED00FC7F0A /* Lib */ = {
			isa = PBXGroup;
			children = (
				4EBE23031E8CC8ED00FC7F0A /* fat-lame */,
			);
			path = Lib;
			sourceTree = "<group>";
		};
		4EBE23031E8CC8ED00FC7F0A /* fat-lame */ = {
			isa = PBXGroup;
			children = (
				4EBE23041E8CC8ED00FC7F0A /* include */,
				4EBE23071E8CC8ED00FC7F0A /* lib */,
			);
			path = "fat-lame";
			sourceTree = "<group>";
		};
		4EBE23041E8CC8ED00FC7F0A /* include */ = {
			isa = PBXGroup;
			children = (
				4EBE23051E8CC8ED00FC7F0A /* lame */,
			);
			path = include;
			sourceTree = "<group>";
		};
		4EBE23051E8CC8ED00FC7F0A /* lame */ = {
			isa = PBXGroup;
			children = (
				4EBE23061E8CC8ED00FC7F0A /* lame.h */,
			);
			path = lame;
			sourceTree = "<group>";
		};
		4EBE23071E8CC8ED00FC7F0A /* lib */ = {
			isa = PBXGroup;
			children = (
				4EBE23081E8CC8ED00FC7F0A /* libmp3lame.a */,
			);
			path = lib;
			sourceTree = "<group>";
		};
		4EC669CE1E7A8576008DBE8B /* Audio */ = {
			isa = PBXGroup;
			children = (
				4E30215E1E8E3D77008CFC9B /* AudioPlayer */,
				4EC669DF1E7A85CF008DBE8B /* JZJAudioRecordManager.h */,
				4EC669E01E7A85CF008DBE8B /* JZJAudioRecordManager.m */,
				4EC669D91E7A85A5008DBE8B /* JZJAudioPlayManager.h */,
				4EC669DA1E7A85A5008DBE8B /* JZJAudioPlayManager.m */,
				4EBE230D1E8CF9B900FC7F0A /* JZJTranscodingManager.h */,
				4EBE230E1E8CF9B900FC7F0A /* JZJTranscodingManager.m */,
				4E30215B1E8DFECB008CFC9B /* JZJAudioSession.h */,
				4E30215C1E8DFECB008CFC9B /* JZJAudioSession.m */,
			);
			path = Audio;
			sourceTree = "<group>";
		};
		5DEF03A81D73ED800007C8FD = {
			isa = PBXGroup;
			children = (
				5DEF03B31D73ED800007C8FD /* RecordAudio */,
				5DEF03CD1D73ED800007C8FD /* RecordAudioTests */,
				5DEF03D81D73ED800007C8FD /* RecordAudioUITests */,
				5DEF03B21D73ED800007C8FD /* Products */,
				4E3021741E8E3DCE008CFC9B /* Frameworks */,
			);
			sourceTree = "<group>";
		};
		5DEF03B21D73ED800007C8FD /* Products */ = {
			isa = PBXGroup;
			children = (
				5DEF03B11D73ED800007C8FD /* RecordAudio.app */,
				5DEF03CA1D73ED800007C8FD /* RecordAudioTests.xctest */,
				5DEF03D51D73ED800007C8FD /* RecordAudioUITests.xctest */,
			);
			name = Products;
			sourceTree = "<group>";
		};
		5DEF03B31D73ED800007C8FD /* RecordAudio */ = {
			isa = PBXGroup;
			children = (
				4E3021771E8E40B5008CFC9B /* Resource */,
				4EBE23021E8CC8ED00FC7F0A /* Lib */,
				4EC669CE1E7A8576008DBE8B /* Audio */,
				5DEF03B71D73ED800007C8FD /* AppDelegate.h */,
				5DEF03B81D73ED800007C8FD /* AppDelegate.m */,
				5D4BC5BA1D9A887B007A94A1 /* RootViewController.h */,
				5D4BC5BB1D9A887B007A94A1 /* RootViewController.m */,
				5D4BC5C01D9A8BDB007A94A1 /* SecondViewController.h */,
				5D4BC5C11D9A8BDB007A94A1 /* SecondViewController.m */,
				5DEF03F41D74739D0007C8FD /* CustomCell.h */,
				5DEF03F51D74739D0007C8FD /* CustomCell.m */,
				5DEF03F61D74739D0007C8FD /* CustomCell.xib */,
				5DEF03F91D7475B20007C8FD /* CustomCellModel.h */,
				5DEF03FA1D7475B20007C8FD /* CustomCellModel.m */,
				5DEF03ED1D7471230007C8FD /* Main.storyboard */,
				5DEF03C01D73ED800007C8FD /* Assets.xcassets */,
				5DEF03C21D73ED800007C8FD /* LaunchScreen.storyboard */,
				5DEF03C51D73ED800007C8FD /* Info.plist */,
				5DEF03B41D73ED800007C8FD /* Supporting Files */,
				4EBE23131E8D318200FC7F0A /* AVPlayerViewController.h */,
				4EBE23141E8D318200FC7F0A /* AVPlayerViewController.m */,
			);
			path = RecordAudio;
			sourceTree = "<group>";
		};
		5DEF03B41D73ED800007C8FD /* Supporting Files */ = {
			isa = PBXGroup;
			children = (
				5DEF03B51D73ED800007C8FD /* main.m */,
			);
			name = "Supporting Files";
			sourceTree = "<group>";
		};
		5DEF03CD1D73ED800007C8FD /* RecordAudioTests */ = {
			isa = PBXGroup;
			children = (
				5DEF03CE1D73ED800007C8FD /* RecordAudioTests.m */,
				5DEF03D01D73ED800007C8FD /* Info.plist */,
			);
			path = RecordAudioTests;
			sourceTree = "<group>";
		};
		5DEF03D81D73ED800007C8FD /* RecordAudioUITests */ = {
			isa = PBXGroup;
			children = (
				5DEF03D91D73ED800007C8FD /* RecordAudioUITests.m */,
				5DEF03DB1D73ED800007C8FD /* Info.plist */,
			);
			path = RecordAudioUITests;
			sourceTree = "<group>";
		};
/* End PBXGroup section */

/* Begin PBXNativeTarget section */
		5DEF03B01D73ED800007C8FD /* RecordAudio */ = {
			isa = PBXNativeTarget;
			buildConfigurationList = 5DEF03DE1D73ED800007C8FD /* Build configuration list for PBXNativeTarget "RecordAudio" */;
			buildPhases = (
				5DEF03AD1D73ED800007C8FD /* Sources */,
				5DEF03AE1D73ED800007C8FD /* Frameworks */,
				5DEF03AF1D73ED800007C8FD /* Resources */,
			);
			buildRules = (
			);
			dependencies = (
			);
			name = RecordAudio;
			productName = RecordAudio;
			productReference = 5DEF03B11D73ED800007C8FD /* RecordAudio.app */;
			productType = "com.apple.product-type.application";
		};
		5DEF03C91D73ED800007C8FD /* RecordAudioTests */ = {
			isa = PBXNativeTarget;
			buildConfigurationList = 5DEF03E11D73ED800007C8FD /* Build configuration list for PBXNativeTarget "RecordAudioTests" */;
			buildPhases = (
				5DEF03C61D73ED800007C8FD /* Sources */,
				5DEF03C71D73ED800007C8FD /* Frameworks */,
				5DEF03C81D73ED800007C8FD /* Resources */,
			);
			buildRules = (
			);
			dependencies = (
				5DEF03CC1D73ED800007C8FD /* PBXTargetDependency */,
			);
			name = RecordAudioTests;
			productName = RecordAudioTests;
			productReference = 5DEF03CA1D73ED800007C8FD /* RecordAudioTests.xctest */;
			productType = "com.apple.product-type.bundle.unit-test";
		};
		5DEF03D41D73ED800007C8FD /* RecordAudioUITests */ = {
			isa = PBXNativeTarget;
			buildConfigurationList = 5DEF03E41D73ED800007C8FD /* Build configuration list for PBXNativeTarget "RecordAudioUITests" */;
			buildPhases = (
				5DEF03D11D73ED800007C8FD /* Sources */,
				5DEF03D21D73ED800007C8FD /* Frameworks */,
				5DEF03D31D73ED800007C8FD /* Resources */,
			);
			buildRules = (
			);
			dependencies = (
				5DEF03D71D73ED800007C8FD /* PBXTargetDependency */,
			);
			name = RecordAudioUITests;
			productName = RecordAudioUITests;
			productReference = 5DEF03D51D73ED800007C8FD /* RecordAudioUITests.xctest */;
			productType = "com.apple.product-type.bundle.ui-testing";
		};
/* End PBXNativeTarget section */

/* Begin PBXProject section */
		5DEF03A91D73ED800007C8FD /* Project object */ = {
			isa = PBXProject;
			attributes = {
				LastUpgradeCheck = 0730;
				ORGANIZATIONNAME = zziazm;
				TargetAttributes = {
					5DEF03B01D73ED800007C8FD = {
						CreatedOnToolsVersion = 7.3.1;
						DevelopmentTeam = 3V4W3FDD8P;
						ProvisioningStyle = Manual;
					};
					5DEF03C91D73ED800007C8FD = {
						CreatedOnToolsVersion = 7.3.1;
						DevelopmentTeam = 4QQ73282F5;
						TestTargetID = 5DEF03B01D73ED800007C8FD;
					};
					5DEF03D41D73ED800007C8FD = {
						CreatedOnToolsVersion = 7.3.1;
						DevelopmentTeam = 4QQ73282F5;
						TestTargetID = 5DEF03B01D73ED800007C8FD;
					};
				};
			};
			buildConfigurationList = 5DEF03AC1D73ED800007C8FD /* Build configuration list for PBXProject "RecordAudio" */;
			compatibilityVersion = "Xcode 3.2";
			developmentRegion = English;
			hasScannedForEncodings = 0;
			knownRegions = (
				en,
				Base,
			);
			mainGroup = 5DEF03A81D73ED800007C8FD;
			productRefGroup = 5DEF03B21D73ED800007C8FD /* Products */;
			projectDirPath = "";
			projectRoot = "";
			targets = (
				5DEF03B01D73ED800007C8FD /* RecordAudio */,
				5DEF03C91D73ED800007C8FD /* RecordAudioTests */,
				5DEF03D41D73ED800007C8FD /* RecordAudioUITests */,
			);
		};
/* End PBXProject section */

/* Begin PBXResourcesBuildPhase section */
		5DEF03AF1D73ED800007C8FD /* Resources */ = {
			isa = PBXResourcesBuildPhase;
			buildActionMask = 2147483647;
			files = (
				4E3021AF1E8E55AF008CFC9B /* VoiceSearchFeedback004.png in Resources */,
				4E3021CD1E8E55AF008CFC9B /* VoiceSearchFeedback019.png in Resources */,
				4E3021C71E8E55AF008CFC9B /* VoiceSearchFeedback016.png in Resources */,
				4E3021BB1E8E55AF008CFC9B /* VoiceSearchFeedback010.png in Resources */,
				4E3021AD1E8E55AF008CFC9B /* VoiceSearchFeedback003.png in Resources */,
				4E3021CE1E8E55AF008CFC9B /* VoiceSearchFeedback019@2x.png in Resources */,
				4E3021BA1E8E55AF008CFC9B /* VoiceSearchFeedback009@2x.png in Resources */,
				4E3021BC1E8E55AF008CFC9B /* VoiceSearchFeedback010@2x.png in Resources */,
				5DEF03C41D73ED800007C8FD /* LaunchScreen.storyboard in Resources */,
				4E3021CA1E8E55AF008CFC9B /* VoiceSearchFeedback017@2x.png in Resources */,
				4E3021CC1E8E55AF008CFC9B /* VoiceSearchFeedback018@2x.png in Resources */,
				4E3021C31E8E55AF008CFC9B /* VoiceSearchFeedback014.png in Resources */,
				4E3021A71E8E55AF008CFC9B /* p-2@2x.png in Resources */,
				4E3021C41E8E55AF008CFC9B /* VoiceSearchFeedback014@2x.png in Resources */,
				4E3021BD1E8E55AF008CFC9B /* VoiceSearchFeedback011.png in Resources */,
				4E3021AB1E8E55AF008CFC9B /* VoiceSearchFeedback002.png in Resources */,
				4E3021C61E8E55AF008CFC9B /* VoiceSearchFeedback015@2x.png in Resources */,
				4E3021A61E8E55AF008CFC9B /* p-1@2x.png in Resources */,
				4E3021A91E8E55AF008CFC9B /* VoiceSearchFeedback001.png in Resources */,
				4E3021B31E8E55AF008CFC9B /* VoiceSearchFeedback006.png in Resources */,
				4E3021AC1E8E55AF008CFC9B /* VoiceSearchFeedback002@2x.png in Resources */,
				4E3021AA1E8E55AF008CFC9B /* VoiceSearchFeedback001@2x.png in Resources */,
				4E3021C81E8E55AF008CFC9B /* VoiceSearchFeedback016@2x.png in Resources */,
				4E3021AE1E8E55AF008CFC9B /* VoiceSearchFeedback003@2x.png in Resources */,
				4E3021BE1E8E55AF008CFC9B /* VoiceSearchFeedback011@2x.png in Resources */,
				4E3021B21E8E55AF008CFC9B /* VoiceSearchFeedback005@2x.png in Resources */,
				4E3021B11E8E55AF008CFC9B /* VoiceSearchFeedback005.png in Resources */,
				4E3021B41E8E55AF008CFC9B /* VoiceSearchFeedback006@2x.png in Resources */,
				4E3021B71E8E55AF008CFC9B /* VoiceSearchFeedback008.png in Resources */,
				4E3021CF1E8E55AF008CFC9B /* VoiceSearchFeedback020.png in Resources */,
				4E3021C51E8E55AF008CFC9B /* VoiceSearchFeedback015.png in Resources */,
				4E3021B91E8E55AF008CFC9B /* VoiceSearchFeedback009.png in Resources */,
				5DEF03C11D73ED800007C8FD /* Assets.xcassets in Resources */,
				4E3021C11E8E55AF008CFC9B /* VoiceSearchFeedback013.png in Resources */,
				4E3021B51E8E55AF008CFC9B /* VoiceSearchFeedback007.png in Resources */,
				4E3021C91E8E55AF008CFC9B /* VoiceSearchFeedback017.png in Resources */,
				4E3021791E8E40B5008CFC9B /* test.mp3 in Resources */,
				5DEF03F81D74739D0007C8FD /* CustomCell.xib in Resources */,
				4E3021BF1E8E55AF008CFC9B /* VoiceSearchFeedback012.png in Resources */,
				4E3021C21E8E55AF008CFC9B /* VoiceSearchFeedback013@2x.png in Resources */,
				4E3021CB1E8E55AF008CFC9B /* VoiceSearchFeedback018.png in Resources */,
				4E3021B81E8E55AF008CFC9B /* VoiceSearchFeedback008@2x.png in Resources */,
				4E3021B61E8E55AF008CFC9B /* VoiceSearchFeedback007@2x.png in Resources */,
				5DEF03EE1D7471230007C8FD /* Main.storyboard in Resources */,
				4E3021A81E8E55AF008CFC9B /* p-3@2x.png in Resources */,
				4E3021D01E8E55AF008CFC9B /* VoiceSearchFeedback020@2x.png in Resources */,
				4E3021C01E8E55AF008CFC9B /* VoiceSearchFeedback012@2x.png in Resources */,
				4E3021B01E8E55AF008CFC9B /* VoiceSearchFeedback004@2x.png in Resources */,
			);
			runOnlyForDeploymentPostprocessing = 0;
		};
		5DEF03C81D73ED800007C8FD /* Resources */ = {
			isa = PBXResourcesBuildPhase;
			buildActionMask = 2147483647;
			files = (
			);
			runOnlyForDeploymentPostprocessing = 0;
		};
		5DEF03D31D73ED800007C8FD /* Resources */ = {
			isa = PBXResourcesBuildPhase;
			buildActionMask = 2147483647;
			files = (
			);
			runOnlyForDeploymentPostprocessing = 0;
		};
/* End PBXResourcesBuildPhase section */

/* Begin PBXSourcesBuildPhase section */
		5DEF03AD1D73ED800007C8FD /* Sources */ = {
			isa = PBXSourcesBuildPhase;
			buildActionMask = 2147483647;
			files = (
				4E30216D1E8E3D77008CFC9B /* AudioPlayer.m in Sources */,
				4E30215D1E8DFECB008CFC9B /* JZJAudioSession.m in Sources */,
				4EC669E11E7A85CF008DBE8B /* JZJAudioRecordManager.m in Sources */,
				5DEF03FB1D7475B20007C8FD /* CustomCellModel.m in Sources */,
				4EC669DB1E7A85A5008DBE8B /* JZJAudioPlayManager.m in Sources */,
				5D4BC5BC1D9A887B007A94A1 /* RootViewController.m in Sources */,
				4E3021721E8E3D77008CFC9B /* HttpDataSource.m in Sources */,
				4E3021701E8E3D77008CFC9B /* DataSource.m in Sources */,
				5D4BC5C21D9A8BDB007A94A1 /* SecondViewController.m in Sources */,
				4E3021711E8E3D77008CFC9B /* DataSourceWrapper.m in Sources */,
				4E30216E1E8E3D77008CFC9B /* AutoRecoveringHttpDataSource.m in Sources */,
				4EBE23151E8D318200FC7F0A /* AVPlayerViewController.m in Sources */,
				4EBE230F1E8CF9B900FC7F0A /* JZJTranscodingManager.m in Sources */,
				5DEF03B91D73ED800007C8FD /* AppDelegate.m in Sources */,
				5DEF03F71D74739D0007C8FD /* CustomCell.m in Sources */,
				4E3021731E8E3D77008CFC9B /* LocalFileDataSource.m in Sources */,
				5DEF03B61D73ED800007C8FD /* main.m in Sources */,
				4E30216F1E8E3D77008CFC9B /* CoreFoundationDataSource.m in Sources */,
			);
			runOnlyForDeploymentPostprocessing = 0;
		};
		5DEF03C61D73ED800007C8FD /* Sources */ = {
			isa = PBXSourcesBuildPhase;
			buildActionMask = 2147483647;
			files = (
				5DEF03CF1D73ED800007C8FD /* RecordAudioTests.m in Sources */,
			);
			runOnlyForDeploymentPostprocessing = 0;
		};
		5DEF03D11D73ED800007C8FD /* Sources */ = {
			isa = PBXSourcesBuildPhase;
			buildActionMask = 2147483647;
			files = (
				5DEF03DA1D73ED800007C8FD /* RecordAudioUITests.m in Sources */,
			);
			runOnlyForDeploymentPostprocessing = 0;
		};
/* End PBXSourcesBuildPhase section */

/* Begin PBXTargetDependency section */
		5DEF03CC1D73ED800007C8FD /* PBXTargetDependency */ = {
			isa = PBXTargetDependency;
			target = 5DEF03B01D73ED800007C8FD /* RecordAudio */;
			targetProxy = 5DEF03CB1D73ED800007C8FD /* PBXContainerItemProxy */;
		};
		5DEF03D71D73ED800007C8FD /* PBXTargetDependency */ = {
			isa = PBXTargetDependency;
			target = 5DEF03B01D73ED800007C8FD /* RecordAudio */;
			targetProxy = 5DEF03D61D73ED800007C8FD /* PBXContainerItemProxy */;
		};
/* End PBXTargetDependency section */

/* Begin PBXVariantGroup section */
		5DEF03C21D73ED800007C8FD /* LaunchScreen.storyboard */ = {
			isa = PBXVariantGroup;
			children = (
				5DEF03C31D73ED800007C8FD /* Base */,
			);
			name = LaunchScreen.storyboard;
			sourceTree = "<group>";
		};
/* End PBXVariantGroup section */

/* Begin XCBuildConfiguration section */
		5DEF03DC1D73ED800007C8FD /* Debug */ = {
			isa = XCBuildConfiguration;
			buildSettings = {
				ALWAYS_SEARCH_USER_PATHS = NO;
				CLANG_ANALYZER_NONNULL = YES;
				CLANG_CXX_LANGUAGE_STANDARD = "gnu++0x";
				CLANG_CXX_LIBRARY = "libc++";
				CLANG_ENABLE_MODULES = YES;
				CLANG_ENABLE_OBJC_ARC = YES;
				CLANG_WARN_BOOL_CONVERSION = YES;
				CLANG_WARN_CONSTANT_CONVERSION = YES;
				CLANG_WARN_DIRECT_OBJC_ISA_USAGE = YES_ERROR;
				CLANG_WARN_EMPTY_BODY = YES;
				CLANG_WARN_ENUM_CONVERSION = YES;
				CLANG_WARN_INT_CONVERSION = YES;
				CLANG_WARN_OBJC_ROOT_CLASS = YES_ERROR;
				CLANG_WARN_UNREACHABLE_CODE = YES;
				CLANG_WARN__DUPLICATE_METHOD_MATCH = YES;
				"CODE_SIGN_IDENTITY[sdk=iphoneos*]" = "iPhone Developer";
				COPY_PHASE_STRIP = NO;
				DEBUG_INFORMATION_FORMAT = dwarf;
				ENABLE_STRICT_OBJC_MSGSEND = YES;
				ENABLE_TESTABILITY = YES;
				GCC_C_LANGUAGE_STANDARD = gnu99;
				GCC_DYNAMIC_NO_PIC = NO;
				GCC_NO_COMMON_BLOCKS = YES;
				GCC_OPTIMIZATION_LEVEL = 0;
				GCC_PREPROCESSOR_DEFINITIONS = (
					"DEBUG=1",
					"$(inherited)",
				);
				GCC_WARN_64_TO_32_BIT_CONVERSION = YES;
				GCC_WARN_ABOUT_RETURN_TYPE = YES_ERROR;
				GCC_WARN_UNDECLARED_SELECTOR = YES;
				GCC_WARN_UNINITIALIZED_AUTOS = YES_AGGRESSIVE;
				GCC_WARN_UNUSED_FUNCTION = YES;
				GCC_WARN_UNUSED_VARIABLE = YES;
				IPHONEOS_DEPLOYMENT_TARGET = 9.3;
				MTL_ENABLE_DEBUG_INFO = YES;
				ONLY_ACTIVE_ARCH = YES;
				SDKROOT = iphoneos;
				TARGETED_DEVICE_FAMILY = "1,2";
			};
			name = Debug;
		};
		5DEF03DD1D73ED800007C8FD /* Release */ = {
			isa = XCBuildConfiguration;
			buildSettings = {
				ALWAYS_SEARCH_USER_PATHS = NO;
				CLANG_ANALYZER_NONNULL = YES;
				CLANG_CXX_LANGUAGE_STANDARD = "gnu++0x";
				CLANG_CXX_LIBRARY = "libc++";
				CLANG_ENABLE_MODULES = YES;
				CLANG_ENABLE_OBJC_ARC = YES;
				CLANG_WARN_BOOL_CONVERSION = YES;
				CLANG_WARN_CONSTANT_CONVERSION = YES;
				CLANG_WARN_DIRECT_OBJC_ISA_USAGE = YES_ERROR;
				CLANG_WARN_EMPTY_BODY = YES;
				CLANG_WARN_ENUM_CONVERSION = YES;
				CLANG_WARN_INT_CONVERSION = YES;
				CLANG_WARN_OBJC_ROOT_CLASS = YES_ERROR;
				CLANG_WARN_UNREACHABLE_CODE = YES;
				CLANG_WARN__DUPLICATE_METHOD_MATCH = YES;
				"CODE_SIGN_IDENTITY[sdk=iphoneos*]" = "iPhone Developer";
				COPY_PHASE_STRIP = NO;
				DEBUG_INFORMATION_FORMAT = "dwarf-with-dsym";
				ENABLE_NS_ASSERTIONS = NO;
				ENABLE_STRICT_OBJC_MSGSEND = YES;
				GCC_C_LANGUAGE_STANDARD = gnu99;
				GCC_NO_COMMON_BLOCKS = YES;
				GCC_WARN_64_TO_32_BIT_CONVERSION = YES;
				GCC_WARN_ABOUT_RETURN_TYPE = YES_ERROR;
				GCC_WARN_UNDECLARED_SELECTOR = YES;
				GCC_WARN_UNINITIALIZED_AUTOS = YES_AGGRESSIVE;
				GCC_WARN_UNUSED_FUNCTION = YES;
				GCC_WARN_UNUSED_VARIABLE = YES;
				IPHONEOS_DEPLOYMENT_TARGET = 9.3;
				MTL_ENABLE_DEBUG_INFO = NO;
				SDKROOT = iphoneos;
				TARGETED_DEVICE_FAMILY = "1,2";
				VALIDATE_PRODUCT = YES;
			};
			name = Release;
		};
		5DEF03DF1D73ED800007C8FD /* Debug */ = {
			isa = XCBuildConfiguration;
			buildSettings = {
				ASSETCATALOG_COMPILER_APPICON_NAME = AppIcon;
				CODE_SIGN_IDENTITY = "iPhone Developer";
				DEVELOPMENT_TEAM = 3V4W3FDD8P;
				INFOPLIST_FILE = RecordAudio/Info.plist;
				LD_RUNPATH_SEARCH_PATHS = "$(inherited) @executable_path/Frameworks";
				LIBRARY_SEARCH_PATHS = (
					"$(inherited)",
					"$(PROJECT_DIR)/RecordAudio/Lib/fat-lame/lib",
				);
				PRODUCT_BUNDLE_IDENTIFIER = cn.guagua.RecordAudio;
				PRODUCT_NAME = "$(TARGET_NAME)";
				PROVISIONING_PROFILE = "01257325-5396-4791-9eee-1e266c2dd6f6";
				PROVISIONING_PROFILE_SPECIFIER = GuaGuaDevelopment;
			};
			name = Debug;
		};
		5DEF03E01D73ED800007C8FD /* Release */ = {
			isa = XCBuildConfiguration;
			buildSettings = {
				ASSETCATALOG_COMPILER_APPICON_NAME = AppIcon;
				CODE_SIGN_IDENTITY = "iPhone Developer";
				"CODE_SIGN_IDENTITY[sdk=iphoneos*]" = "iPhone Distribution";
				DEVELOPMENT_TEAM = 3V4W3FDD8P;
				INFOPLIST_FILE = RecordAudio/Info.plist;
				LD_RUNPATH_SEARCH_PATHS = "$(inherited) @executable_path/Frameworks";
				LIBRARY_SEARCH_PATHS = (
					"$(inherited)",
					"$(PROJECT_DIR)/RecordAudio/Lib/fat-lame/lib",
				);
				PRODUCT_BUNDLE_IDENTIFIER = cn.guagua.RecordAudio;
				PRODUCT_NAME = "$(TARGET_NAME)";
				PROVISIONING_PROFILE = "6a8543ca-d1b5-4bb3-8372-4e29c1d242c4";
				PROVISIONING_PROFILE_SPECIFIER = GuaGuaAdHocDistribution;
			};
			name = Release;
		};
		5DEF03E21D73ED800007C8FD /* Debug */ = {
			isa = XCBuildConfiguration;
			buildSettings = {
				BUNDLE_LOADER = "$(TEST_HOST)";
				INFOPLIST_FILE = RecordAudioTests/Info.plist;
				LD_RUNPATH_SEARCH_PATHS = "$(inherited) @executable_path/Frameworks @loader_path/Frameworks";
				PRODUCT_BUNDLE_IDENTIFIER = zzia.RecordAudioTests;
				PRODUCT_NAME = "$(TARGET_NAME)";
				TEST_HOST = "$(BUILT_PRODUCTS_DIR)/RecordAudio.app/RecordAudio";
			};
			name = Debug;
		};
		5DEF03E31D73ED800007C8FD /* Release */ = {
			isa = XCBuildConfiguration;
			buildSettings = {
				BUNDLE_LOADER = "$(TEST_HOST)";
				INFOPLIST_FILE = RecordAudioTests/Info.plist;
				LD_RUNPATH_SEARCH_PATHS = "$(inherited) @executable_path/Frameworks @loader_path/Frameworks";
				PRODUCT_BUNDLE_IDENTIFIER = zzia.RecordAudioTests;
				PRODUCT_NAME = "$(TARGET_NAME)";
				TEST_HOST = "$(BUILT_PRODUCTS_DIR)/RecordAudio.app/RecordAudio";
			};
			name = Release;
		};
		5DEF03E51D73ED800007C8FD /* Debug */ = {
			isa = XCBuildConfiguration;
			buildSettings = {
				INFOPLIST_FILE = RecordAudioUITests/Info.plist;
				LD_RUNPATH_SEARCH_PATHS = "$(inherited) @executable_path/Frameworks @loader_path/Frameworks";
				PRODUCT_BUNDLE_IDENTIFIER = zzia.RecordAudioUITests;
				PRODUCT_NAME = "$(TARGET_NAME)";
				TEST_TARGET_NAME = RecordAudio;
			};
			name = Debug;
		};
		5DEF03E61D73ED800007C8FD /* Release */ = {
			isa = XCBuildConfiguration;
			buildSettings = {
				INFOPLIST_FILE = RecordAudioUITests/Info.plist;
				LD_RUNPATH_SEARCH_PATHS = "$(inherited) @executable_path/Frameworks @loader_path/Frameworks";
				PRODUCT_BUNDLE_IDENTIFIER = zzia.RecordAudioUITests;
				PRODUCT_NAME = "$(TARGET_NAME)";
				TEST_TARGET_NAME = RecordAudio;
			};
			name = Release;
		};
/* End XCBuildConfiguration section */

/* Begin XCConfigurationList section */
		5DEF03AC1D73ED800007C8FD /* Build configuration list for PBXProject "RecordAudio" */ = {
			isa = XCConfigurationList;
			buildConfigurations = (
				5DEF03DC1D73ED800007C8FD /* Debug */,
				5DEF03DD1D73ED800007C8FD /* Release */,
			);
			defaultConfigurationIsVisible = 0;
			defaultConfigurationName = Release;
		};
		5DEF03DE1D73ED800007C8FD /* Build configuration list for PBXNativeTarget "RecordAudio" */ = {
			isa = XCConfigurationList;
			buildConfigurations = (
				5DEF03DF1D73ED800007C8FD /* Debug */,
				5DEF03E01D73ED800007C8FD /* Release */,
			);
			defaultConfigurationIsVisible = 0;
			defaultConfigurationName = Release;
		};
		5DEF03E11D73ED800007C8FD /* Build configuration list for PBXNativeTarget "RecordAudioTests" */ = {
			isa = XCConfigurationList;
			buildConfigurations = (
				5DEF03E21D73ED800007C8FD /* Debug */,
				5DEF03E31D73ED800007C8FD /* Release */,
			);
			defaultConfigurationIsVisible = 0;
			defaultConfigurationName = Release;
		};
		5DEF03E41D73ED800007C8FD /* Build configuration list for PBXNativeTarget "RecordAudioUITests" */ = {
			isa = XCConfigurationList;
			buildConfigurations = (
				5DEF03E51D73ED800007C8FD /* Debug */,
				5DEF03E61D73ED800007C8FD /* Release */,
			);
			defaultConfigurationIsVisible = 0;
			defaultConfigurationName = Release;
		};
/* End XCConfigurationList section */
	};
	rootObject = 5DEF03A91D73ED800007C8FD /* Project object */;
}
